// !$*UTF8*$!
{
	archiveVersion = 1;
	classes = {
	};
	objectVersion = 56;
	objects = {

/* Begin PBXBuildFile section */
		6CA1A2692B20A5770086E73E /* AppDelegate.swift in Sources */ = {isa = PBXBuildFile; fileRef = 6CA1A2682B20A5770086E73E /* AppDelegate.swift */; };
		6CA1A26B2B20A5770086E73E /* SceneDelegate.swift in Sources */ = {isa = PBXBuildFile; fileRef = 6CA1A26A2B20A5770086E73E /* SceneDelegate.swift */; };
		6CA1A26D2B20A5770086E73E /* MainViewController.swift in Sources */ = {isa = PBXBuildFile; fileRef = 6CA1A26C2B20A5770086E73E /* MainViewController.swift */; };
		6CA1A2722B20A5790086E73E /* Assets.xcassets in Resources */ = {isa = PBXBuildFile; fileRef = 6CA1A2712B20A5790086E73E /* Assets.xcassets */; };
		6CA1A2752B20A5790086E73E /* LaunchScreen.storyboard in Resources */ = {isa = PBXBuildFile; fileRef = 6CA1A2732B20A5790086E73E /* LaunchScreen.storyboard */; };
		6CA1A2822B20AE080086E73E /* SnapKit in Frameworks */ = {isa = PBXBuildFile; productRef = 6CA1A2812B20AE080086E73E /* SnapKit */; };
		6CA1A2842B20AE080086E73E /* SnapKit-Dynamic in Frameworks */ = {isa = PBXBuildFile; productRef = 6CA1A2832B20AE080086E73E /* SnapKit-Dynamic */; };
		6CA1A2892B20AF0A0086E73E /* Model.swift in Sources */ = {isa = PBXBuildFile; fileRef = 6CA1A2882B20AF0A0086E73E /* Model.swift */; };
		6CA1A28B2B20AF180086E73E /* MainView.swift in Sources */ = {isa = PBXBuildFile; fileRef = 6CA1A28A2B20AF180086E73E /* MainView.swift */; };
		7764B0ACAFC044C212C6B483 /* Pods_TheGatheringTable.framework in Frameworks */ = {isa = PBXBuildFile; fileRef = 8BF352E7C9E13EC13839910B /* Pods_TheGatheringTable.framework */; };
/* End PBXBuildFile section */

/* Begin PBXFileReference section */
		401EA37367DE750F54BC47BC /* Pods-TheGatheringTable.release.xcconfig */ = {isa = PBXFileReference; includeInIndex = 1; lastKnownFileType = text.xcconfig; name = "Pods-TheGatheringTable.release.xcconfig"; path = "Target Support Files/Pods-TheGatheringTable/Pods-TheGatheringTable.release.xcconfig"; sourceTree = "<group>"; };
		6CA1A2652B20A5770086E73E /* TheGatheringTable.app */ = {isa = PBXFileReference; explicitFileType = wrapper.application; includeInIndex = 0; path = TheGatheringTable.app; sourceTree = BUILT_PRODUCTS_DIR; };
		6CA1A2682B20A5770086E73E /* AppDelegate.swift */ = {isa = PBXFileReference; lastKnownFileType = sourcecode.swift; path = AppDelegate.swift; sourceTree = "<group>"; };
		6CA1A26A2B20A5770086E73E /* SceneDelegate.swift */ = {isa = PBXFileReference; lastKnownFileType = sourcecode.swift; path = SceneDelegate.swift; sourceTree = "<group>"; };
		6CA1A26C2B20A5770086E73E /* MainViewController.swift */ = {isa = PBXFileReference; lastKnownFileType = sourcecode.swift; path = MainViewController.swift; sourceTree = "<group>"; };
		6CA1A2712B20A5790086E73E /* Assets.xcassets */ = {isa = PBXFileReference; lastKnownFileType = folder.assetcatalog; path = Assets.xcassets; sourceTree = "<group>"; };
		6CA1A2742B20A5790086E73E /* Base */ = {isa = PBXFileReference; lastKnownFileType = file.storyboard; name = Base; path = Base.lproj/LaunchScreen.storyboard; sourceTree = "<group>"; };
		6CA1A2762B20A5790086E73E /* Info.plist */ = {isa = PBXFileReference; lastKnownFileType = text.plist.xml; path = Info.plist; sourceTree = "<group>"; };
		6CA1A2882B20AF0A0086E73E /* Model.swift */ = {isa = PBXFileReference; lastKnownFileType = sourcecode.swift; path = Model.swift; sourceTree = "<group>"; };
		6CA1A28A2B20AF180086E73E /* MainView.swift */ = {isa = PBXFileReference; lastKnownFileType = sourcecode.swift; path = MainView.swift; sourceTree = "<group>"; };
		8BF352E7C9E13EC13839910B /* Pods_TheGatheringTable.framework */ = {isa = PBXFileReference; explicitFileType = wrapper.framework; includeInIndex = 0; path = Pods_TheGatheringTable.framework; sourceTree = BUILT_PRODUCTS_DIR; };
		F2A41CF852B2C9453A220328 /* Pods-TheGatheringTable.debug.xcconfig */ = {isa = PBXFileReference; includeInIndex = 1; lastKnownFileType = text.xcconfig; name = "Pods-TheGatheringTable.debug.xcconfig"; path = "Target Support Files/Pods-TheGatheringTable/Pods-TheGatheringTable.debug.xcconfig"; sourceTree = "<group>"; };
/* End PBXFileReference section */

/* Begin PBXFrameworksBuildPhase section */
		6CA1A2622B20A5770086E73E /* Frameworks */ = {
			isa = PBXFrameworksBuildPhase;
			buildActionMask = 2147483647;
			files = (
				7764B0ACAFC044C212C6B483 /* Pods_TheGatheringTable.framework in Frameworks */,
				6CA1A2822B20AE080086E73E /* SnapKit in Frameworks */,
				6CA1A2842B20AE080086E73E /* SnapKit-Dynamic in Frameworks */,
			);
			runOnlyForDeploymentPostprocessing = 0;
		};
/* End PBXFrameworksBuildPhase section */

/* Begin PBXGroup section */
		6CA1A25C2B20A5770086E73E = {
			isa = PBXGroup;
			children = (
				6CA1A2672B20A5770086E73E /* TheGatheringTable */,
				6CA1A2662B20A5770086E73E /* Products */,
				A87D522E84AC2822B307A86C /* Pods */,
				F6FF9391346325E9E1232200 /* Frameworks */,
			);
			sourceTree = "<group>";
		};
		6CA1A2662B20A5770086E73E /* Products */ = {
			isa = PBXGroup;
			children = (
				6CA1A2652B20A5770086E73E /* TheGatheringTable.app */,
			);
			name = Products;
			sourceTree = "<group>";
		};
		6CA1A2672B20A5770086E73E /* TheGatheringTable */ = {
			isa = PBXGroup;
			children = (
				6CA1A27D2B20AB920086E73E /* Sources */,
				6CA1A27C2B20AB8D0086E73E /* Resources */,
			);
			path = TheGatheringTable;
			sourceTree = "<group>";
		};
		6CA1A27C2B20AB8D0086E73E /* Resources */ = {
			isa = PBXGroup;
			children = (
				6CA1A2712B20A5790086E73E /* Assets.xcassets */,
				6CA1A2732B20A5790086E73E /* LaunchScreen.storyboard */,
				6CA1A2762B20A5790086E73E /* Info.plist */,
			);
			path = Resources;
			sourceTree = "<group>";
		};
		6CA1A27D2B20AB920086E73E /* Sources */ = {
			isa = PBXGroup;
			children = (
				6CA1A27E2B20ABA90086E73E /* App */,
				6CA1A27F2B20ABAD0086E73E /* Scenes */,
			);
			path = Sources;
			sourceTree = "<group>";
		};
		6CA1A27E2B20ABA90086E73E /* App */ = {
			isa = PBXGroup;
			children = (
				6CA1A2682B20A5770086E73E /* AppDelegate.swift */,
				6CA1A26A2B20A5770086E73E /* SceneDelegate.swift */,
			);
			path = App;
			sourceTree = "<group>";
		};
		6CA1A27F2B20ABAD0086E73E /* Scenes */ = {
			isa = PBXGroup;
			children = (
				6CA1A2852B20AE220086E73E /* Model */,
				6CA1A2862B20AE280086E73E /* View */,
				6CA1A2872B20AE2D0086E73E /* Controller */,
			);
			path = Scenes;
			sourceTree = "<group>";
		};
		6CA1A2852B20AE220086E73E /* Model */ = {
			isa = PBXGroup;
			children = (
				6CA1A2882B20AF0A0086E73E /* Model.swift */,
			);
			path = Model;
			sourceTree = "<group>";
		};
		6CA1A2862B20AE280086E73E /* View */ = {
			isa = PBXGroup;
			children = (
				6CA1A28A2B20AF180086E73E /* MainView.swift */,
			);
			path = View;
			sourceTree = "<group>";
		};
		6CA1A2872B20AE2D0086E73E /* Controller */ = {
			isa = PBXGroup;
			children = (
				6CA1A26C2B20A5770086E73E /* MainViewController.swift */,
			);
			path = Controller;
			sourceTree = "<group>";
		};
		A87D522E84AC2822B307A86C /* Pods */ = {
			isa = PBXGroup;
			children = (
				F2A41CF852B2C9453A220328 /* Pods-TheGatheringTable.debug.xcconfig */,
				401EA37367DE750F54BC47BC /* Pods-TheGatheringTable.release.xcconfig */,
			);
			path = Pods;
			sourceTree = "<group>";
		};
		F6FF9391346325E9E1232200 /* Frameworks */ = {
			isa = PBXGroup;
			children = (
				8BF352E7C9E13EC13839910B /* Pods_TheGatheringTable.framework */,
			);
			name = Frameworks;
			sourceTree = "<group>";
		};
/* End PBXGroup section */

/* Begin PBXNativeTarget section */
		6CA1A2642B20A5770086E73E /* TheGatheringTable */ = {
			isa = PBXNativeTarget;
			buildConfigurationList = 6CA1A2792B20A5790086E73E /* Build configuration list for PBXNativeTarget "TheGatheringTable" */;
			buildPhases = (
				AE53D00D84D1877997575BC3 /* [CP] Check Pods Manifest.lock */,
				6CA1A2612B20A5770086E73E /* Sources */,
				6CA1A2622B20A5770086E73E /* Frameworks */,
				6CA1A2632B20A5770086E73E /* Resources */,
				338F40E4C2A4E08EAF7F128F /* [CP] Embed Pods Frameworks */,
			);
			buildRules = (
			);
			dependencies = (
			);
			name = TheGatheringTable;
			packageProductDependencies = (
				6CA1A2812B20AE080086E73E /* SnapKit */,
				6CA1A2832B20AE080086E73E /* SnapKit-Dynamic */,
			);
			productName = TheGatheringTable;
			productReference = 6CA1A2652B20A5770086E73E /* TheGatheringTable.app */;
			productType = "com.apple.product-type.application";
		};
/* End PBXNativeTarget section */

/* Begin PBXProject section */
		6CA1A25D2B20A5770086E73E /* Project object */ = {
			isa = PBXProject;
			attributes = {
				BuildIndependentTargetsInParallel = 1;
				LastSwiftUpdateCheck = 1500;
				LastUpgradeCheck = 1500;
				TargetAttributes = {
					6CA1A2642B20A5770086E73E = {
						CreatedOnToolsVersion = 15.0.1;
					};
				};
			};
			buildConfigurationList = 6CA1A2602B20A5770086E73E /* Build configuration list for PBXProject "TheGatheringTable" */;
			compatibilityVersion = "Xcode 14.0";
			developmentRegion = en;
			hasScannedForEncodings = 0;
			knownRegions = (
				en,
				Base,
			);
			mainGroup = 6CA1A25C2B20A5770086E73E;
			packageReferences = (
				6CA1A2802B20AE080086E73E /* XCRemoteSwiftPackageReference "SnapKit" */,
			);
			productRefGroup = 6CA1A2662B20A5770086E73E /* Products */;
			projectDirPath = "";
			projectRoot = "";
			targets = (
				6CA1A2642B20A5770086E73E /* TheGatheringTable */,
			);
		};
/* End PBXProject section */

/* Begin PBXResourcesBuildPhase section */
		6CA1A2632B20A5770086E73E /* Resources */ = {
			isa = PBXResourcesBuildPhase;
			buildActionMask = 2147483647;
			files = (
				6CA1A2752B20A5790086E73E /* LaunchScreen.storyboard in Resources */,
				6CA1A2722B20A5790086E73E /* Assets.xcassets in Resources */,
			);
			runOnlyForDeploymentPostprocessing = 0;
		};
/* End PBXResourcesBuildPhase section */

/* Begin PBXShellScriptBuildPhase section */
		338F40E4C2A4E08EAF7F128F /* [CP] Embed Pods Frameworks */ = {
			isa = PBXShellScriptBuildPhase;
			buildActionMask = 2147483647;
			files = (
			);
			inputFileListPaths = (
				"${PODS_ROOT}/Target Support Files/Pods-TheGatheringTable/Pods-TheGatheringTable-frameworks-${CONFIGURATION}-input-files.xcfilelist",
			);
			name = "[CP] Embed Pods Frameworks";
			outputFileListPaths = (
				"${PODS_ROOT}/Target Support Files/Pods-TheGatheringTable/Pods-TheGatheringTable-frameworks-${CONFIGURATION}-output-files.xcfilelist",
			);
			runOnlyForDeploymentPostprocessing = 0;
			shellPath = /bin/sh;
			shellScript = "\"${PODS_ROOT}/Target Support Files/Pods-TheGatheringTable/Pods-TheGatheringTable-frameworks.sh\"\n";
			showEnvVarsInLog = 0;
		};
		AE53D00D84D1877997575BC3 /* [CP] Check Pods Manifest.lock */ = {
			isa = PBXShellScriptBuildPhase;
			buildActionMask = 2147483647;
			files = (
			);
			inputFileListPaths = (
			);
			inputPaths = (
				"${PODS_PODFILE_DIR_PATH}/Podfile.lock",
				"${PODS_ROOT}/Manifest.lock",
			);
			name = "[CP] Check Pods Manifest.lock";
			outputFileListPaths = (
			);
			outputPaths = (
				"$(DERIVED_FILE_DIR)/Pods-TheGatheringTable-checkManifestLockResult.txt",
			);
			runOnlyForDeploymentPostprocessing = 0;
			shellPath = /bin/sh;
			shellScript = "diff \"${PODS_PODFILE_DIR_PATH}/Podfile.lock\" \"${PODS_ROOT}/Manifest.lock\" > /dev/null\nif [ $? != 0 ] ; then\n    # print error to STDERR\n    echo \"error: The sandbox is not in sync with the Podfile.lock. Run 'pod install' or update your CocoaPods installation.\" >&2\n    exit 1\nfi\n# This output is used by Xcode 'outputs' to avoid re-running this script phase.\necho \"SUCCESS\" > \"${SCRIPT_OUTPUT_FILE_0}\"\n";
			showEnvVarsInLog = 0;
		};
/* End PBXShellScriptBuildPhase section */

/* Begin PBXSourcesBuildPhase section */
		6CA1A2612B20A5770086E73E /* Sources */ = {
			isa = PBXSourcesBuildPhase;
			buildActionMask = 2147483647;
			files = (
				6CA1A26D2B20A5770086E73E /* MainViewController.swift in Sources */,
				6CA1A2692B20A5770086E73E /* AppDelegate.swift in Sources */,
				6CA1A26B2B20A5770086E73E /* SceneDelegate.swift in Sources */,
				6CA1A28B2B20AF180086E73E /* MainView.swift in Sources */,
				6CA1A2892B20AF0A0086E73E /* Model.swift in Sources */,
			);
			runOnlyForDeploymentPostprocessing = 0;
		};
/* End PBXSourcesBuildPhase section */

/* Begin PBXVariantGroup section */
		6CA1A2732B20A5790086E73E /* LaunchScreen.storyboard */ = {
			isa = PBXVariantGroup;
			children = (
				6CA1A2742B20A5790086E73E /* Base */,
			);
			name = LaunchScreen.storyboard;
			sourceTree = "<group>";
		};
/* End PBXVariantGroup section */

/* Begin XCBuildConfiguration section */
		6CA1A2772B20A5790086E73E /* Debug */ = {
			isa = XCBuildConfiguration;
			buildSettings = {
				ALWAYS_SEARCH_USER_PATHS = NO;
				ASSETCATALOG_COMPILER_GENERATE_SWIFT_ASSET_SYMBOL_EXTENSIONS = YES;
				CLANG_ANALYZER_NONNULL = YES;
				CLANG_ANALYZER_NUMBER_OBJECT_CONVERSION = YES_AGGRESSIVE;
				CLANG_CXX_LANGUAGE_STANDARD = "gnu++20";
				CLANG_ENABLE_MODULES = YES;
				CLANG_ENABLE_OBJC_ARC = YES;
				CLANG_ENABLE_OBJC_WEAK = YES;
				CLANG_WARN_BLOCK_CAPTURE_AUTORELEASING = YES;
				CLANG_WARN_BOOL_CONVERSION = YES;
				CLANG_WARN_COMMA = YES;
				CLANG_WARN_CONSTANT_CONVERSION = YES;
				CLANG_WARN_DEPRECATED_OBJC_IMPLEMENTATIONS = YES;
				CLANG_WARN_DIRECT_OBJC_ISA_USAGE = YES_ERROR;
				CLANG_WARN_DOCUMENTATION_COMMENTS = YES;
				CLANG_WARN_EMPTY_BODY = YES;
				CLANG_WARN_ENUM_CONVERSION = YES;
				CLANG_WARN_INFINITE_RECURSION = YES;
				CLANG_WARN_INT_CONVERSION = YES;
				CLANG_WARN_NON_LITERAL_NULL_CONVERSION = YES;
				CLANG_WARN_OBJC_IMPLICIT_RETAIN_SELF = YES;
				CLANG_WARN_OBJC_LITERAL_CONVERSION = YES;
				CLANG_WARN_OBJC_ROOT_CLASS = YES_ERROR;
				CLANG_WARN_QUOTED_INCLUDE_IN_FRAMEWORK_HEADER = YES;
				CLANG_WARN_RANGE_LOOP_ANALYSIS = YES;
				CLANG_WARN_STRICT_PROTOTYPES = YES;
				CLANG_WARN_SUSPICIOUS_MOVE = YES;
				CLANG_WARN_UNGUARDED_AVAILABILITY = YES_AGGRESSIVE;
				CLANG_WARN_UNREACHABLE_CODE = YES;
				CLANG_WARN__DUPLICATE_METHOD_MATCH = YES;
				COPY_PHASE_STRIP = NO;
				DEBUG_INFORMATION_FORMAT = dwarf;
				ENABLE_STRICT_OBJC_MSGSEND = YES;
				ENABLE_TESTABILITY = YES;
				ENABLE_USER_SCRIPT_SANDBOXING = YES;
				GCC_C_LANGUAGE_STANDARD = gnu17;
				GCC_DYNAMIC_NO_PIC = NO;
				GCC_NO_COMMON_BLOCKS = YES;
				GCC_OPTIMIZATION_LEVEL = 0;
				GCC_PREPROCESSOR_DEFINITIONS = (
					"DEBUG=1",
					"$(inherited)",
				);
				GCC_WARN_64_TO_32_BIT_CONVERSION = YES;
				GCC_WARN_ABOUT_RETURN_TYPE = YES_ERROR;
				GCC_WARN_UNDECLARED_SELECTOR = YES;
				GCC_WARN_UNINITIALIZED_AUTOS = YES_AGGRESSIVE;
				GCC_WARN_UNUSED_FUNCTION = YES;
				GCC_WARN_UNUSED_VARIABLE = YES;
				IPHONEOS_DEPLOYMENT_TARGET = 17.0;
				LOCALIZATION_PREFERS_STRING_CATALOGS = YES;
				MTL_ENABLE_DEBUG_INFO = INCLUDE_SOURCE;
				MTL_FAST_MATH = YES;
				ONLY_ACTIVE_ARCH = YES;
				SDKROOT = iphoneos;
				SWIFT_ACTIVE_COMPILATION_CONDITIONS = "DEBUG $(inherited)";
				SWIFT_OPTIMIZATION_LEVEL = "-Onone";
			};
			name = Debug;
		};
		6CA1A2782B20A5790086E73E /* Release */ = {
			isa = XCBuildConfiguration;
			buildSettings = {
				ALWAYS_SEARCH_USER_PATHS = NO;
				ASSETCATALOG_COMPILER_GENERATE_SWIFT_ASSET_SYMBOL_EXTENSIONS = YES;
				CLANG_ANALYZER_NONNULL = YES;
				CLANG_ANALYZER_NUMBER_OBJECT_CONVERSION = YES_AGGRESSIVE;
				CLANG_CXX_LANGUAGE_STANDARD = "gnu++20";
				CLANG_ENABLE_MODULES = YES;
				CLANG_ENABLE_OBJC_ARC = YES;
				CLANG_ENABLE_OBJC_WEAK = YES;
				CLANG_WARN_BLOCK_CAPTURE_AUTORELEASING = YES;
				CLANG_WARN_BOOL_CONVERSION = YES;
				CLANG_WARN_COMMA = YES;
				CLANG_WARN_CONSTANT_CONVERSION = YES;
				CLANG_WARN_DEPRECATED_OBJC_IMPLEMENTATIONS = YES;
				CLANG_WARN_DIRECT_OBJC_ISA_USAGE = YES_ERROR;
				CLANG_WARN_DOCUMENTATION_COMMENTS = YES;
				CLANG_WARN_EMPTY_BODY = YES;
				CLANG_WARN_ENUM_CONVERSION = YES;
				CLANG_WARN_INFINITE_RECURSION = YES;
				CLANG_WARN_INT_CONVERSION = YES;
				CLANG_WARN_NON_LITERAL_NULL_CONVERSION = YES;
				CLANG_WARN_OBJC_IMPLICIT_RETAIN_SELF = YES;
				CLANG_WARN_OBJC_LITERAL_CONVERSION = YES;
				CLANG_WARN_OBJC_ROOT_CLASS = YES_ERROR;
				CLANG_WARN_QUOTED_INCLUDE_IN_FRAMEWORK_HEADER = YES;
				CLANG_WARN_RANGE_LOOP_ANALYSIS = YES;
				CLANG_WARN_STRICT_PROTOTYPES = YES;
				CLANG_WARN_SUSPICIOUS_MOVE = YES;
				CLANG_WARN_UNGUARDED_AVAILABILITY = YES_AGGRESSIVE;
				CLANG_WARN_UNREACHABLE_CODE = YES;
				CLANG_WARN__DUPLICATE_METHOD_MATCH = YES;
				COPY_PHASE_STRIP = NO;
				DEBUG_INFORMATION_FORMAT = "dwarf-with-dsym";
				ENABLE_NS_ASSERTIONS = NO;
				ENABLE_STRICT_OBJC_MSGSEND = YES;
				ENABLE_USER_SCRIPT_SANDBOXING = YES;
				GCC_C_LANGUAGE_STANDARD = gnu17;
				GCC_NO_COMMON_BLOCKS = YES;
				GCC_WARN_64_TO_32_BIT_CONVERSION = YES;
				GCC_WARN_ABOUT_RETURN_TYPE = YES_ERROR;
				GCC_WARN_UNDECLARED_SELECTOR = YES;
				GCC_WARN_UNINITIALIZED_AUTOS = YES_AGGRESSIVE;
				GCC_WARN_UNUSED_FUNCTION = YES;
				GCC_WARN_UNUSED_VARIABLE = YES;
				IPHONEOS_DEPLOYMENT_TARGET = 17.0;
				LOCALIZATION_PREFERS_STRING_CATALOGS = YES;
				MTL_ENABLE_DEBUG_INFO = NO;
				MTL_FAST_MATH = YES;
				SDKROOT = iphoneos;
				SWIFT_COMPILATION_MODE = wholemodule;
				VALIDATE_PRODUCT = YES;
			};
			name = Release;
		};
		6CA1A27A2B20A5790086E73E /* Debug */ = {
			isa = XCBuildConfiguration;
			baseConfigurationReference = F2A41CF852B2C9453A220328 /* Pods-TheGatheringTable.debug.xcconfig */;
			buildSettings = {
				ASSETCATALOG_COMPILER_APPICON_NAME = AppIcon;
				ASSETCATALOG_COMPILER_GLOBAL_ACCENT_COLOR_NAME = AccentColor;
				CODE_SIGN_STYLE = Automatic;
				CURRENT_PROJECT_VERSION = 1;
				DEVELOPMENT_TEAM = AUR8GZBZK7;
				ENABLE_USER_SCRIPT_SANDBOXING = NO;
				GENERATE_INFOPLIST_FILE = YES;
				INFOPLIST_FILE = TheGatheringTable/Resources/Info.plist;
				INFOPLIST_KEY_UIApplicationSupportsIndirectInputEvents = YES;
				INFOPLIST_KEY_UILaunchStoryboardName = LaunchScreen;
				INFOPLIST_KEY_UISupportedInterfaceOrientations = UIInterfaceOrientationPortrait;
				INFOPLIST_KEY_UISupportedInterfaceOrientations_iPad = "UIInterfaceOrientationLandscapeLeft UIInterfaceOrientationLandscapeRight UIInterfaceOrientationPortrait UIInterfaceOrientationPortraitUpsideDown";
				LD_RUNPATH_SEARCH_PATHS = (
					"$(inherited)",
					"@executable_path/Frameworks",
				);
				MARKETING_VERSION = 1.0;
				PRODUCT_BUNDLE_IDENTIFIER = com.my.TheGatheringTable;
				PRODUCT_NAME = "$(TARGET_NAME)";
				SUPPORTED_PLATFORMS = "iphoneos iphonesimulator";
				SUPPORTS_MACCATALYST = NO;
				SUPPORTS_MAC_DESIGNED_FOR_IPHONE_IPAD = NO;
				SWIFT_EMIT_LOC_STRINGS = YES;
				SWIFT_VERSION = 5.0;
				TARGETED_DEVICE_FAMILY = 1;
			};
			name = Debug;
		};
		6CA1A27B2B20A5790086E73E /* Release */ = {
			isa = XCBuildConfiguration;
			baseConfigurationReference = 401EA37367DE750F54BC47BC /* Pods-TheGatheringTable.release.xcconfig */;
			buildSettings = {
				ASSETCATALOG_COMPILER_APPICON_NAME = AppIcon;
				ASSETCATALOG_COMPILER_GLOBAL_ACCENT_COLOR_NAME = AccentColor;
				CODE_SIGN_STYLE = Automatic;
				CURRENT_PROJECT_VERSION = 1;
				DEVELOPMENT_TEAM = AUR8GZBZK7;
				ENABLE_USER_SCRIPT_SANDBOXING = NO;
				GENERATE_INFOPLIST_FILE = YES;
				INFOPLIST_FILE = TheGatheringTable/Resources/Info.plist;
				INFOPLIST_KEY_UIApplicationSupportsIndirectInputEvents = YES;
				INFOPLIST_KEY_UILaunchStoryboardName = LaunchScreen;
				INFOPLIST_KEY_UISupportedInterfaceOrientations = UIInterfaceOrientationPortrait;
				INFOPLIST_KEY_UISupportedInterfaceOrientations_iPad = "UIInterfaceOrientationLandscapeLeft UIInterfaceOrientationLandscapeRight UIInterfaceOrientationPortrait UIInterfaceOrientationPortraitUpsideDown";
				LD_RUNPATH_SEARCH_PATHS = (
					"$(inherited)",
					"@executable_path/Frameworks",
				);
				MARKETING_VERSION = 1.0;
				PRODUCT_BUNDLE_IDENTIFIER = com.my.TheGatheringTable;
				PRODUCT_NAME = "$(TARGET_NAME)";
				SUPPORTED_PLATFORMS = "iphoneos iphonesimulator";
				SUPPORTS_MACCATALYST = NO;
				SUPPORTS_MAC_DESIGNED_FOR_IPHONE_IPAD = NO;
				SWIFT_EMIT_LOC_STRINGS = YES;
				SWIFT_VERSION = 5.0;
				TARGETED_DEVICE_FAMILY = 1;
			};
			name = Release;
		};
/* End XCBuildConfiguration section */

/* Begin XCConfigurationList section */
		6CA1A2602B20A5770086E73E /* Build configuration list for PBXProject "TheGatheringTable" */ = {
			isa = XCConfigurationList;
			buildConfigurations = (
				6CA1A2772B20A5790086E73E /* Debug */,
				6CA1A2782B20A5790086E73E /* Release */,
			);
			defaultConfigurationIsVisible = 0;
			defaultConfigurationName = Release;
		};
		6CA1A2792B20A5790086E73E /* Build configuration list for PBXNativeTarget "TheGatheringTable" */ = {
			isa = XCConfigurationList;
			buildConfigurations = (
				6CA1A27A2B20A5790086E73E /* Debug */,
				6CA1A27B2B20A5790086E73E /* Release */,
			);
			defaultConfigurationIsVisible = 0;
			defaultConfigurationName = Release;
		};
/* End XCConfigurationList section */

/* Begin XCRemoteSwiftPackageReference section */
		6CA1A2802B20AE080086E73E /* XCRemoteSwiftPackageReference "SnapKit" */ = {
			isa = XCRemoteSwiftPackageReference;
			repositoryURL = "https://github.com/SnapKit/SnapKit";
			requirement = {
				kind = upToNextMajorVersion;
				minimumVersion = 5.6.0;
			};
		};
/* End XCRemoteSwiftPackageReference section */

/* Begin XCSwiftPackageProductDependency section */
		6CA1A2812B20AE080086E73E /* SnapKit */ = {
			isa = XCSwiftPackageProductDependency;
			package = 6CA1A2802B20AE080086E73E /* XCRemoteSwiftPackageReference "SnapKit" */;
			productName = SnapKit;
		};
		6CA1A2832B20AE080086E73E /* SnapKit-Dynamic */ = {
			isa = XCSwiftPackageProductDependency;
			package = 6CA1A2802B20AE080086E73E /* XCRemoteSwiftPackageReference "SnapKit" */;
			productName = "SnapKit-Dynamic";
		};
/* End XCSwiftPackageProductDependency section */
	};
	rootObject = 6CA1A25D2B20A5770086E73E /* Project object */;
}
